
Microsoft Visual Studio Solution File, Format Version 12.00
# Visual Studio Version 18
VisualStudioVersion = 18.6.11822.322 stable
MinimumVisualStudioVersion = 10.0.40219.1
Project("{FAE04EC0-301F-11D3-BF4B-00C04F79EFBC}") = "HotByte.API", "HotByte.API.csproj", "{FFD8525C-4944-B1B0-17CA-E1B76A68941F}"
EndProject
Global
	GlobalSection(SolutionConfigurationPlatforms) = preSolution
		Debug|Any CPU = Debug|Any CPU
		Release|Any CPU = Release|Any CPU
	EndGlobalSection
	GlobalSection(ProjectConfigurationPlatforms) = postSolution
		{FFD8525C-4944-B1B0-17CA-E1B76A68941F}.Debug|Any CPU.ActiveCfg = Debug|Any CPU
		{FFD8525C-4944-B1B0-17CA-E1B76A68941F}.Debug|Any CPU.Build.0 = Debug|Any CPU
		{FFD8525C-4944-B1B0-17CA-E1B76A68941F}.Release|Any CPU.ActiveCfg = Release|Any CPU
		{FFD8525C-4944-B1B0-17CA-E1B76A68941F}.Release|Any CPU.Build.0 = Release|Any CPU
	EndGlobalSection
	GlobalSection(SolutionProperties) = preSolution
		HideSolutionNode = FALSE
	EndGlobalSection
	GlobalSection(ExtensibilityGlobals) = postSolution
		SolutionGuid = {783C79F9-046F-4484-AB0D-E8FDA576F7BF}
	EndGlobalSection
EndGlobal
